
Microsoft Visual Studio Solution File, Format Version 12.00
# Visual Studio Version 17
VisualStudioVersion = 17.7.34031.279
MinimumVisualStudioVersion = 10.0.40219.1
Project("{2150E333-8FDC-42A3-9474-1A3956D46DE8}") = "Solution Items", "Solution Items", "{8B849510-FC76-4DC4-9887-6ACA410F68C1}"
EndProject
Project("{9A19103F-16F7-4668-BE54-9A1E7A4F7556}") = "Rpg.Sys", "Rpg.Sys\Rpg.Sys.csproj", "{CC17F8BB-8EB2-4A5A-9739-173CA9EEBB6F}"
EndProject
Project("{9A19103F-16F7-4668-BE54-9A1E7A4F7556}") = "Rpg.ModObjects", "Rpg.ModObjects\Rpg.ModObjects.csproj", "{B9279E74-5595-4648-823F-A87645A8B3D6}"
EndProject
Project("{9A19103F-16F7-4668-BE54-9A1E7A4F7556}") = "Rpg.ModObjects.Tests", "Rpg.ModObjects.Test\Rpg.ModObjects.Tests.csproj", "{2697FE9B-FD0E-4241-90A9-C5ECF2CA9A50}"
EndProject
Project("{9A19103F-16F7-4668-BE54-9A1E7A4F7556}") = "Rpg.Cms", "Rpg.Cms\Rpg.Cms.csproj", "{339EBEB7-22A8-40A2-BBB6-82AD97CA5396}"
EndProject
Project("{FAE04EC0-301F-11D3-BF4B-00C04F79EFBC}") = "Rpg.Sys.Tests", "Rpg.Sys.Tests\Rpg.Sys.Tests.csproj", "{F8F6F70B-78AD-4150-AFA3-0A682C131FBD}"
EndProject
Global
	GlobalSection(SolutionConfigurationPlatforms) = preSolution
		Debug|Any CPU = Debug|Any CPU
		Release|Any CPU = Release|Any CPU
	EndGlobalSection
	GlobalSection(ProjectConfigurationPlatforms) = postSolution
		{CC17F8BB-8EB2-4A5A-9739-173CA9EEBB6F}.Debug|Any CPU.ActiveCfg = Debug|Any CPU
		{CC17F8BB-8EB2-4A5A-9739-173CA9EEBB6F}.Debug|Any CPU.Build.0 = Debug|Any CPU
		{CC17F8BB-8EB2-4A5A-9739-173CA9EEBB6F}.Release|Any CPU.ActiveCfg = Release|Any CPU
		{CC17F8BB-8EB2-4A5A-9739-173CA9EEBB6F}.Release|Any CPU.Build.0 = Release|Any CPU
		{B9279E74-5595-4648-823F-A87645A8B3D6}.Debug|Any CPU.ActiveCfg = Debug|Any CPU
		{B9279E74-5595-4648-823F-A87645A8B3D6}.Debug|Any CPU.Build.0 = Debug|Any CPU
		{B9279E74-5595-4648-823F-A87645A8B3D6}.Release|Any CPU.ActiveCfg = Release|Any CPU
		{B9279E74-5595-4648-823F-A87645A8B3D6}.Release|Any CPU.Build.0 = Release|Any CPU
		{2697FE9B-FD0E-4241-90A9-C5ECF2CA9A50}.Debug|Any CPU.ActiveCfg = Debug|Any CPU
		{2697FE9B-FD0E-4241-90A9-C5ECF2CA9A50}.Debug|Any CPU.Build.0 = Debug|Any CPU
		{2697FE9B-FD0E-4241-90A9-C5ECF2CA9A50}.Release|Any CPU.ActiveCfg = Release|Any CPU
		{2697FE9B-FD0E-4241-90A9-C5ECF2CA9A50}.Release|Any CPU.Build.0 = Release|Any CPU
		{339EBEB7-22A8-40A2-BBB6-82AD97CA5396}.Debug|Any CPU.ActiveCfg = Debug|Any CPU
		{339EBEB7-22A8-40A2-BBB6-82AD97CA5396}.Debug|Any CPU.Build.0 = Debug|Any CPU
		{339EBEB7-22A8-40A2-BBB6-82AD97CA5396}.Release|Any CPU.ActiveCfg = Release|Any CPU
		{339EBEB7-22A8-40A2-BBB6-82AD97CA5396}.Release|Any CPU.Build.0 = Release|Any CPU
		{F8F6F70B-78AD-4150-AFA3-0A682C131FBD}.Debug|Any CPU.ActiveCfg = Debug|Any CPU
		{F8F6F70B-78AD-4150-AFA3-0A682C131FBD}.Debug|Any CPU.Build.0 = Debug|Any CPU
		{F8F6F70B-78AD-4150-AFA3-0A682C131FBD}.Release|Any CPU.ActiveCfg = Release|Any CPU
		{F8F6F70B-78AD-4150-AFA3-0A682C131FBD}.Release|Any CPU.Build.0 = Release|Any CPU
	EndGlobalSection
	GlobalSection(SolutionProperties) = preSolution
		HideSolutionNode = FALSE
	EndGlobalSection
	GlobalSection(ExtensibilityGlobals) = postSolution
		SolutionGuid = {C1D2E329-47AC-4F8A-A0FF-A138087B187C}
	EndGlobalSection
EndGlobal
