
Microsoft Visual Studio Solution File, Format Version 12.00
# Visual Studio Version 17
VisualStudioVersion = 17.7.34031.279
MinimumVisualStudioVersion = 10.0.40219.1
Project("{2150E333-8FDC-42A3-9474-1A3956D46DE8}") = "Solution Items", "Solution Items", "{8B849510-FC76-4DC4-9887-6ACA410F68C1}"
EndProject
Project("{9A19103F-16F7-4668-BE54-9A1E7A4F7556}") = "Rpg.Sys", "Rpg.Sys\Rpg.Sys.csproj", "{CC17F8BB-8EB2-4A5A-9739-173CA9EEBB6F}"
EndProject
Project("{9A19103F-16F7-4668-BE54-9A1E7A4F7556}") = "Rpg.Client", "Rpg.Client\Rpg.Client.csproj", "{5FECB91A-7F9C-4495-B679-B1484AA1EEB2}"
EndProject
Project("{9A19103F-16F7-4668-BE54-9A1E7A4F7556}") = "Rpg.Api", "Rpg.Api\Rpg.Api.csproj", "{A1EC6047-02F8-40E7-AE8A-93FF89A7432A}"
EndProject
Project("{9A19103F-16F7-4668-BE54-9A1E7A4F7556}") = "Rpg.AzFunc.Common", "Rpg.AzFunc.Common\Rpg.AzFunc.Common.csproj", "{174E9210-FD33-43FD-B702-1D3EC8041AFF}"
EndProject
Project("{9A19103F-16F7-4668-BE54-9A1E7A4F7556}") = "Rpg.ModObjects", "Rpg.ModObjects\Rpg.ModObjects.csproj", "{B9279E74-5595-4648-823F-A87645A8B3D6}"
EndProject
Project("{9A19103F-16F7-4668-BE54-9A1E7A4F7556}") = "Rpg.ModObjects.Tests", "Rpg.ModObjects.Test\Rpg.ModObjects.Tests.csproj", "{2697FE9B-FD0E-4241-90A9-C5ECF2CA9A50}"
EndProject
Global
	GlobalSection(SolutionConfigurationPlatforms) = preSolution
		Debug|Any CPU = Debug|Any CPU
		Release|Any CPU = Release|Any CPU
	EndGlobalSection
	GlobalSection(ProjectConfigurationPlatforms) = postSolution
		{CC17F8BB-8EB2-4A5A-9739-173CA9EEBB6F}.Debug|Any CPU.ActiveCfg = Debug|Any CPU
		{CC17F8BB-8EB2-4A5A-9739-173CA9EEBB6F}.Debug|Any CPU.Build.0 = Debug|Any CPU
		{CC17F8BB-8EB2-4A5A-9739-173CA9EEBB6F}.Release|Any CPU.ActiveCfg = Release|Any CPU
		{CC17F8BB-8EB2-4A5A-9739-173CA9EEBB6F}.Release|Any CPU.Build.0 = Release|Any CPU
		{5FECB91A-7F9C-4495-B679-B1484AA1EEB2}.Debug|Any CPU.ActiveCfg = Debug|Any CPU
		{5FECB91A-7F9C-4495-B679-B1484AA1EEB2}.Debug|Any CPU.Build.0 = Debug|Any CPU
		{5FECB91A-7F9C-4495-B679-B1484AA1EEB2}.Release|Any CPU.ActiveCfg = Release|Any CPU
		{5FECB91A-7F9C-4495-B679-B1484AA1EEB2}.Release|Any CPU.Build.0 = Release|Any CPU
		{A1EC6047-02F8-40E7-AE8A-93FF89A7432A}.Debug|Any CPU.ActiveCfg = Debug|Any CPU
		{A1EC6047-02F8-40E7-AE8A-93FF89A7432A}.Debug|Any CPU.Build.0 = Debug|Any CPU
		{A1EC6047-02F8-40E7-AE8A-93FF89A7432A}.Release|Any CPU.ActiveCfg = Release|Any CPU
		{A1EC6047-02F8-40E7-AE8A-93FF89A7432A}.Release|Any CPU.Build.0 = Release|Any CPU
		{174E9210-FD33-43FD-B702-1D3EC8041AFF}.Debug|Any CPU.ActiveCfg = Debug|Any CPU
		{174E9210-FD33-43FD-B702-1D3EC8041AFF}.Debug|Any CPU.Build.0 = Debug|Any CPU
		{174E9210-FD33-43FD-B702-1D3EC8041AFF}.Release|Any CPU.ActiveCfg = Release|Any CPU
		{174E9210-FD33-43FD-B702-1D3EC8041AFF}.Release|Any CPU.Build.0 = Release|Any CPU
		{B9279E74-5595-4648-823F-A87645A8B3D6}.Debug|Any CPU.ActiveCfg = Debug|Any CPU
		{B9279E74-5595-4648-823F-A87645A8B3D6}.Debug|Any CPU.Build.0 = Debug|Any CPU
		{B9279E74-5595-4648-823F-A87645A8B3D6}.Release|Any CPU.ActiveCfg = Release|Any CPU
		{B9279E74-5595-4648-823F-A87645A8B3D6}.Release|Any CPU.Build.0 = Release|Any CPU
		{2697FE9B-FD0E-4241-90A9-C5ECF2CA9A50}.Debug|Any CPU.ActiveCfg = Debug|Any CPU
		{2697FE9B-FD0E-4241-90A9-C5ECF2CA9A50}.Debug|Any CPU.Build.0 = Debug|Any CPU
		{2697FE9B-FD0E-4241-90A9-C5ECF2CA9A50}.Release|Any CPU.ActiveCfg = Release|Any CPU
		{2697FE9B-FD0E-4241-90A9-C5ECF2CA9A50}.Release|Any CPU.Build.0 = Release|Any CPU
	EndGlobalSection
	GlobalSection(SolutionProperties) = preSolution
		HideSolutionNode = FALSE
	EndGlobalSection
	GlobalSection(ExtensibilityGlobals) = postSolution
		SolutionGuid = {C1D2E329-47AC-4F8A-A0FF-A138087B187C}
	EndGlobalSection
EndGlobal
